
Microsoft Visual Studio Solution File, Format Version 12.00
# Visual Studio Version 17
VisualStudioVersion = 17.8.34511.84
MinimumVisualStudioVersion = 10.0.40219.1
Project("{FAE04EC0-301F-11D3-BF4B-00C04F79EFBC}") = "OnlineStoreApp", "OnlineStoreApp.csproj", "{3202E5C4-3765-43CB-9CEF-415BD5BE6B4A}"
EndProject
Global
	GlobalSection(SolutionConfigurationPlatforms) = preSolution
		Debug|Any CPU = Debug|Any CPU
		Release|Any CPU = Release|Any CPU
	EndGlobalSection
	GlobalSection(ProjectConfigurationPlatforms) = postSolution
		{3202E5C4-3765-43CB-9CEF-415BD5BE6B4A}.Debug|Any CPU.ActiveCfg = Debug|Any CPU
		{3202E5C4-3765-43CB-9CEF-415BD5BE6B4A}.Debug|Any CPU.Build.0 = Debug|Any CPU
		{3202E5C4-3765-43CB-9CEF-415BD5BE6B4A}.Release|Any CPU.ActiveCfg = Release|Any CPU
		{3202E5C4-3765-43CB-9CEF-415BD5BE6B4A}.Release|Any CPU.Build.0 = Release|Any CPU
	EndGlobalSection
	GlobalSection(SolutionProperties) = preSolution
		HideSolutionNode = FALSE
	EndGlobalSection
	GlobalSection(ExtensibilityGlobals) = postSolution
		SolutionGuid = {325B7A4C-DF37-4119-B3C8-6A0504EC722C}
	EndGlobalSection
EndGlobal
